GEM
  remote: https://rubygems.org/
  specs:
    addressable (2.8.8)
      public_suffix (>= 2.0.2, < 8.0)
    coderay (1.1.3)
    crass (1.0.6)
    domain_name (0.6.20240107)
    feedjira (3.2.6)
      logger (>= 1.0, < 2)
      loofah (>= 2.3.1, < 3)
      sax-machine (>= 1.0, < 2)
    ffi (1.17.3-aarch64-linux-gnu)
    ffi (1.17.3-aarch64-linux-musl)
    ffi (1.17.3-arm-linux-gnu)
    ffi (1.17.3-arm-linux-musl)
    ffi (1.17.3-arm64-darwin)
    ffi (1.17.3-x86_64-darwin)
    ffi (1.17.3-x86_64-linux-gnu)
    ffi (1.17.3-x86_64-linux-musl)
    ffi-compiler (1.3.2)
      ffi (>= 1.15.5)
      rake
    guess_html_encoding (0.0.11)
    htmlentities (4.4.2)
    http (5.3.1)
      addressable (~> 2.8)
      http-cookie (~> 1.0)
      http-form_data (~> 2.2)
      llhttp-ffi (~> 0.5.0)
    http-cookie (1.1.0)
      domain_name (~> 0.5)
    http-form_data (2.3.0)
    io-console (0.8.2)
    kramdown (2.5.2)
      rexml (>= 3.4.4)
    llhttp-ffi (0.5.1)
      ffi-compiler (~> 1.0)
      rake (~> 13.0)
    logger (1.7.0)
    loofah (2.25.0)
      crass (~> 1.0.2)
      nokogiri (>= 1.12.0)
    method_source (1.1.0)
    nokogiri (1.19.0-aarch64-linux-gnu)
      racc (~> 1.4)
    nokogiri (1.19.0-aarch64-linux-musl)
      racc (~> 1.4)
    nokogiri (1.19.0-arm-linux-gnu)
      racc (~> 1.4)
    nokogiri (1.19.0-arm-linux-musl)
      racc (~> 1.4)
    nokogiri (1.19.0-arm64-darwin)
      racc (~> 1.4)
    nokogiri (1.19.0-x86_64-darwin)
      racc (~> 1.4)
    nokogiri (1.19.0-x86_64-linux-gnu)
      racc (~> 1.4)
    nokogiri (1.19.0-x86_64-linux-musl)
      racc (~> 1.4)
    pastel (0.8.0)
      tty-color (~> 0.5)
    pry (0.16.0)
      coderay (~> 1.1)
      method_source (~> 1.0)
      reline (>= 0.6.0)
    public_suffix (7.0.2)
    racc (1.8.1)
    rake (13.3.1)
    reline (0.6.3)
      io-console (~> 0.5)
    reverse_markdown (2.1.1)
      nokogiri
    rexml (3.4.4)
    rouge (4.7.0)
    ruby-readability (0.7.3)
      guess_html_encoding (>= 0.0.4)
      nokogiri (>= 1.6.0)
    sax-machine (1.3.2)
    strings (0.2.1)
      strings-ansi (~> 0.2)
      unicode-display_width (>= 1.5, < 3.0)
      unicode_utils (~> 1.4)
    strings-ansi (0.2.0)
    tty-box (0.7.0)
      pastel (~> 0.8)
      strings (~> 0.2.0)
      tty-cursor (~> 0.7)
    tty-color (0.6.0)
    tty-cursor (0.7.1)
    tty-markdown (0.7.2)
      kramdown (>= 1.16.2, < 3.0)
      pastel (~> 0.8)
      rouge (>= 3.14, < 5.0)
      strings (~> 0.2.0)
      tty-color (~> 0.5)
      tty-screen (~> 0.8)
    tty-reader (0.9.0)
      tty-cursor (~> 0.7)
      tty-screen (~> 0.8)
      wisper (~> 2.0)
    tty-screen (0.8.2)
    unicode-display_width (2.6.0)
    unicode_utils (1.4.0)
    wisper (2.0.1)

PLATFORMS
  aarch64-linux-gnu
  aarch64-linux-musl
  arm-linux-gnu
  arm-linux-musl
  arm64-darwin
  x86_64-darwin
  x86_64-linux-gnu
  x86_64-linux-musl

DEPENDENCIES
  feedjira (~> 3.2)
  htmlentities (~> 4.3)
  http (~> 5.1)
  nokogiri (~> 1.15)
  pastel (~> 0.8)
  pry (~> 0.14)
  reverse_markdown (~> 2.1)
  rouge (~> 4.2)
  ruby-readability (~> 0.7)
  tty-box (~> 0.7)
  tty-cursor (~> 0.7)
  tty-markdown (~> 0.7)
  tty-reader (~> 0.9)
  tty-screen (~> 0.8)

CHECKSUMS
  addressable (2.8.8) sha256=7c13b8f9536cf6364c03b9d417c19986019e28f7c00ac8132da4eb0fe393b057
  coderay (1.1.3) sha256=dc530018a4684512f8f38143cd2a096c9f02a1fc2459edcfe534787a7fc77d4b
  crass (1.0.6) sha256=dc516022a56e7b3b156099abc81b6d2b08ea1ed12676ac7a5657617f012bd45d
  domain_name (0.6.20240107) sha256=5f693b2215708476517479bf2b3802e49068ad82167bcd2286f899536a17d933
  feedjira (3.2.6) sha256=5d073730b8fc61ab44eb6adf909559c27361d390fcd71d19ddcdeecb73381c01
  ffi (1.17.3-aarch64-linux-gnu) sha256=28ad573df26560f0aedd8a90c3371279a0b2bd0b4e834b16a2baa10bd7a97068
  ffi (1.17.3-aarch64-linux-musl) sha256=020b33b76775b1abacc3b7d86b287cef3251f66d747092deec592c7f5df764b2
  ffi (1.17.3-arm-linux-gnu) sha256=5bd4cea83b68b5ec0037f99c57d5ce2dd5aa438f35decc5ef68a7d085c785668
  ffi (1.17.3-arm-linux-musl) sha256=0d7626bb96265f9af78afa33e267d71cfef9d9a8eb8f5525344f8da6c7d76053
  ffi (1.17.3-arm64-darwin) sha256=0c690555d4cee17a7f07c04d59df39b2fba74ec440b19da1f685c6579bb0717f
  ffi (1.17.3-x86_64-darwin) sha256=1f211811eb5cfaa25998322cdd92ab104bfbd26d1c4c08471599c511f2c00bb5
  ffi (1.17.3-x86_64-linux-gnu) sha256=3746b01f677aae7b16dc1acb7cb3cc17b3e35bdae7676a3f568153fb0e2c887f
  ffi (1.17.3-x86_64-linux-musl) sha256=086b221c3a68320b7564066f46fed23449a44f7a1935f1fe5a245bd89d9aea56
  ffi-compiler (1.3.2) sha256=a94f3d81d12caf5c5d4ecf13980a70d0aeaa72268f3b9cc13358bcc6509184a0
  guess_html_encoding (0.0.11) sha256=cab6468b945f38673fc41ad147fbbc89693b3c6c34b03b071e2ed669a603e098
  htmlentities (4.4.2) sha256=bbafbdf69f2eca9262be4efef7e43e6a1de54c95eb600f26984f71d2fe96c5c3
  http (5.3.1) sha256=c50802d8e9be3926cb84ac3b36d1a31fbbac383bc4cbecdce9053cb604231d7d
  http-cookie (1.1.0) sha256=38a5e60d1527eebc396831b8c4b9455440509881219273a6c99943d29eadbb19
  http-form_data (2.3.0) sha256=cc4eeb1361d9876821e31d7b1cf0b68f1cf874b201d27903480479d86448a5f3
  io-console (0.8.2) sha256=d6e3ae7a7cc7574f4b8893b4fca2162e57a825b223a177b7afa236c5ef9814cc
  kramdown (2.5.2) sha256=1ba542204c66b6f9111ff00dcc26075b95b220b07f2905d8261740c82f7f02fa
  llhttp-ffi (0.5.1) sha256=9a25a7fc19311f691a78c9c0ac0fbf4675adbd0cca74310228fdf841018fa7bc
  logger (1.7.0) sha256=196edec7cc44b66cfb40f9755ce11b392f21f7967696af15d274dde7edff0203
  loofah (2.25.0) sha256=df5ed7ac3bac6a4ec802df3877ee5cc86d027299f8952e6243b3dac446b060e6
  method_source (1.1.0) sha256=181301c9c45b731b4769bc81e8860e72f9161ad7d66dd99103c9ab84f560f5c5
  nokogiri (1.19.0-aarch64-linux-gnu) sha256=11a97ecc3c0e7e5edcf395720b10860ef493b768f6aa80c539573530bc933767
  nokogiri (1.19.0-aarch64-linux-musl) sha256=eb70507f5e01bc23dad9b8dbec2b36ad0e61d227b42d292835020ff754fb7ba9
  nokogiri (1.19.0-arm-linux-gnu) sha256=572a259026b2c8b7c161fdb6469fa2d0edd2b61cd599db4bbda93289abefbfe5
  nokogiri (1.19.0-arm-linux-musl) sha256=23ed90922f1a38aed555d3de4d058e90850c731c5b756d191b3dc8055948e73c
  nokogiri (1.19.0-arm64-darwin) sha256=0811dfd936d5f6dd3f6d32ef790568bf29b2b7bead9ba68866847b33c9cf5810
  nokogiri (1.19.0-x86_64-darwin) sha256=1dad56220b603a8edb9750cd95798bffa2b8dd9dd9aa47f664009ee5b43e3067
  nokogiri (1.19.0-x86_64-linux-gnu) sha256=f482b95c713d60031d48c44ce14562f8d2ce31e3a9e8dd0ccb131e9e5a68b58c
  nokogiri (1.19.0-x86_64-linux-musl) sha256=1c4ca6b381622420073ce6043443af1d321e8ed93cc18b08e2666e5bd02ffae4
  pastel (0.8.0) sha256=481da9fb7d2f6e6b1a08faf11fa10363172dc40fd47848f096ae21209f805a75
  pry (0.16.0) sha256=d76c69065698ed1f85e717bd33d7942c38a50868f6b0673c636192b3d1b6054e
  public_suffix (7.0.2) sha256=9114090c8e4e7135c1fd0e7acfea33afaab38101884320c65aaa0ffb8e26a857
  racc (1.8.1) sha256=4a7f6929691dbec8b5209a0b373bc2614882b55fc5d2e447a21aaa691303d62f
  rake (13.3.1) sha256=8c9e89d09f66a26a01264e7e3480ec0607f0c497a861ef16063604b1b08eb19c
  reline (0.6.3) sha256=1198b04973565b36ec0f11542ab3f5cfeeec34823f4e54cebde90968092b1835
  reverse_markdown (2.1.1) sha256=b2206466b682ac1177b6b8ec321d00a84fca02d096c5d676a7a0cc5838dc0701
  rexml (3.4.4) sha256=19e0a2c3425dfbf2d4fc1189747bdb2f849b6c5e74180401b15734bc97b5d142
  rouge (4.7.0) sha256=dba5896715c0325c362e895460a6d350803dbf6427454f49a47500f3193ea739
  ruby-readability (0.7.3) sha256=bd213fab037118cc15d999e167a8ea2cc6b689dc78c033e78fb36a2a37efc241
  sax-machine (1.3.2) sha256=a1112678039eea4c402827ca0d377744e0f882fd6386f29f7b0023d938750d3a
  strings (0.2.1) sha256=933293b3c95cf85b81eb44b3cf673e3087661ba739bbadfeadf442083158d6fb
  strings-ansi (0.2.0) sha256=90262d760ea4a94cc2ae8d58205277a343409c288cbe7c29416b1826bd511c88
  tty-box (0.7.0) sha256=17f453a0c1df43871fdb6de461ee797b78574dacc652372fa2ae98a00785df8b
  tty-color (0.6.0) sha256=6f9c37ca3a4e2367fb2e6d09722762647d6f455c111f05b59f35730eeb24332a
  tty-cursor (0.7.1) sha256=79534185e6a777888d88628b14b6a1fdf5154a603f285f80b1753e1908e0bf48
  tty-markdown (0.7.2) sha256=1ed81db97028d006ba81e2cfd9fe0a04b0eb28650ad0d4086ed6e5627f4ac511
  tty-reader (0.9.0) sha256=c62972c985c0b1566f0e56743b6a7882f979d3dc32ff491ed490a076f899c2b1
  tty-screen (0.8.2) sha256=c090652115beae764336c28802d633f204fb84da93c6a968aa5d8e319e819b50
  unicode-display_width (2.6.0) sha256=12279874bba6d5e4d2728cef814b19197dbb10d7a7837a869bab65da943b7f5a
  unicode_utils (1.4.0) sha256=b922d0cf2313b6b7136ada6645ce7154ffc86418ca07d53b058efe9eb72f2a40
  wisper (2.0.1) sha256=ce17bc5c3a166f241a2e6613848b025c8146fce2defba505920c1d1f3f88fae6

RUBY VERSION
  ruby 4.0.1

BUNDLED WITH
  4.0.3
